
Microsoft Visual Studio Solution File, Format Version 12.00
# Visual Studio Version 17
VisualStudioVersion = 17.4.33205.214
MinimumVisualStudioVersion = 10.0.40219.1
Project("{FAE04EC0-301F-11D3-BF4B-00C04F79EFBC}") = "pr1", "pr1\pr1.csproj", "{4A8749A6-9E02-46E3-99B5-4287416E6012}"
EndProject
Project("{FAE04EC0-301F-11D3-BF4B-00C04F79EFBC}") = "task 2", "task 2\task 2.csproj", "{31833428-6068-4F44-9CD5-980569A9CFD2}"
EndProject
Project("{FAE04EC0-301F-11D3-BF4B-00C04F79EFBC}") = "task 3", "task 3\task 3.csproj", "{BCEDA20B-8D3E-4DC5-BEEF-364C0ABC1300}"
EndProject
Project("{FAE04EC0-301F-11D3-BF4B-00C04F79EFBC}") = "task 4", "task 4\task 4.csproj", "{DE78953E-931D-43AA-A00D-9EC9C69DE283}"
EndProject
Global
	GlobalSection(SolutionConfigurationPlatforms) = preSolution
		Debug|Any CPU = Debug|Any CPU
		Release|Any CPU = Release|Any CPU
	EndGlobalSection
	GlobalSection(ProjectConfigurationPlatforms) = postSolution
		{4A8749A6-9E02-46E3-99B5-4287416E6012}.Debug|Any CPU.ActiveCfg = Debug|Any CPU
		{4A8749A6-9E02-46E3-99B5-4287416E6012}.Debug|Any CPU.Build.0 = Debug|Any CPU
		{4A8749A6-9E02-46E3-99B5-4287416E6012}.Release|Any CPU.ActiveCfg = Release|Any CPU
		{4A8749A6-9E02-46E3-99B5-4287416E6012}.Release|Any CPU.Build.0 = Release|Any CPU
		{31833428-6068-4F44-9CD5-980569A9CFD2}.Debug|Any CPU.ActiveCfg = Debug|Any CPU
		{31833428-6068-4F44-9CD5-980569A9CFD2}.Debug|Any CPU.Build.0 = Debug|Any CPU
		{31833428-6068-4F44-9CD5-980569A9CFD2}.Release|Any CPU.ActiveCfg = Release|Any CPU
		{31833428-6068-4F44-9CD5-980569A9CFD2}.Release|Any CPU.Build.0 = Release|Any CPU
		{BCEDA20B-8D3E-4DC5-BEEF-364C0ABC1300}.Debug|Any CPU.ActiveCfg = Debug|Any CPU
		{BCEDA20B-8D3E-4DC5-BEEF-364C0ABC1300}.Debug|Any CPU.Build.0 = Debug|Any CPU
		{BCEDA20B-8D3E-4DC5-BEEF-364C0ABC1300}.Release|Any CPU.ActiveCfg = Release|Any CPU
		{BCEDA20B-8D3E-4DC5-BEEF-364C0ABC1300}.Release|Any CPU.Build.0 = Release|Any CPU
		{DE78953E-931D-43AA-A00D-9EC9C69DE283}.Debug|Any CPU.ActiveCfg = Debug|Any CPU
		{DE78953E-931D-43AA-A00D-9EC9C69DE283}.Debug|Any CPU.Build.0 = Debug|Any CPU
		{DE78953E-931D-43AA-A00D-9EC9C69DE283}.Release|Any CPU.ActiveCfg = Release|Any CPU
		{DE78953E-931D-43AA-A00D-9EC9C69DE283}.Release|Any CPU.Build.0 = Release|Any CPU
	EndGlobalSection
	GlobalSection(SolutionProperties) = preSolution
		HideSolutionNode = FALSE
	EndGlobalSection
	GlobalSection(ExtensibilityGlobals) = postSolution
		SolutionGuid = {8ABC20AF-C992-4637-94EC-FC48AF71CBBB}
	EndGlobalSection
EndGlobal
